// !$*UTF8*$!
{
	archiveVersion = 1;
	classes = {
	};
	objectVersion = 77;
	objects = {

/* Begin PBXBuildFile section */
		700FFC2C3032350B00776F9A /* Cocoa.framework in Frameworks */ = {isa = PBXBuildFile; fileRef = 700FFC2B3032350A00776F9A /* Cocoa.framework */; };
		700FFC373032350B00776F9A /* LinksmithAction.appex in Embed Foundation Extensions */ = {isa = PBXBuildFile; fileRef = 700FFC293032350A00776F9A /* LinksmithAction.appex */; settings = {ATTRIBUTES = (RemoveHeadersOnCopy, ); }; };
		A10000000000000000000001 /* LinksmithCore in Frameworks */ = {isa = PBXBuildFile; productRef = A10000000000000000000011 /* LinksmithCore */; };
		A10000000000000000000002 /* LinksmithCore in Frameworks */ = {isa = PBXBuildFile; productRef = A10000000000000000000012 /* LinksmithCore */; };
		A10000000000000000000003 /* LinksmithCore in Frameworks */ = {isa = PBXBuildFile; productRef = A10000000000000000000013 /* LinksmithCore */; };
/* End PBXBuildFile section */

/* Begin PBXContainerItemProxy section */
		700FFC353032350B00776F9A /* PBXContainerItemProxy */ = {
			isa = PBXContainerItemProxy;
			containerPortal = 7016C02330321DF400196549 /* Project object */;
			proxyType = 1;
			remoteGlobalIDString = 700FFC283032350A00776F9A;
			remoteInfo = LinksmithAction;
		};
		7016C03930321DF500196549 /* PBXContainerItemProxy */ = {
			isa = PBXContainerItemProxy;
			containerPortal = 7016C02330321DF400196549 /* Project object */;
			proxyType = 1;
			remoteGlobalIDString = 7016C02A30321DF400196549;
			remoteInfo = Linksmith;
		};
		7016C04330321DF500196549 /* PBXContainerItemProxy */ = {
			isa = PBXContainerItemProxy;
			containerPortal = 7016C02330321DF400196549 /* Project object */;
			proxyType = 1;
			remoteGlobalIDString = 7016C02A30321DF400196549;
			remoteInfo = Linksmith;
		};
/* End PBXContainerItemProxy section */

/* Begin PBXCopyFilesBuildPhase section */
		700FFC383032350B00776F9A /* Embed Foundation Extensions */ = {
			isa = PBXCopyFilesBuildPhase;
			buildActionMask = 2147483647;
			dstPath = "";
			dstSubfolderSpec = 13;
			files = (
				700FFC373032350B00776F9A /* LinksmithAction.appex in Embed Foundation Extensions */,
			);
			name = "Embed Foundation Extensions";
			runOnlyForDeploymentPostprocessing = 0;
		};
/* End PBXCopyFilesBuildPhase section */

/* Begin PBXFileReference section */
		700FFC293032350A00776F9A /* LinksmithAction.appex */ = {isa = PBXFileReference; explicitFileType = "wrapper.app-extension"; includeInIndex = 0; path = LinksmithAction.appex; sourceTree = BUILT_PRODUCTS_DIR; };
		700FFC2B3032350A00776F9A /* Cocoa.framework */ = {isa = PBXFileReference; lastKnownFileType = wrapper.framework; name = Cocoa.framework; path = System/Library/Frameworks/Cocoa.framework; sourceTree = SDKROOT; };
		7016C02B30321DF400196549 /* Linksmith.app */ = {isa = PBXFileReference; explicitFileType = wrapper.application; includeInIndex = 0; path = Linksmith.app; sourceTree = BUILT_PRODUCTS_DIR; };
		7016C03830321DF500196549 /* LinksmithTests.xctest */ = {isa = PBXFileReference; explicitFileType = wrapper.cfbundle; includeInIndex = 0; path = LinksmithTests.xctest; sourceTree = BUILT_PRODUCTS_DIR; };
		7016C04230321DF500196549 /* LinksmithUITests.xctest */ = {isa = PBXFileReference; explicitFileType = wrapper.cfbundle; includeInIndex = 0; path = LinksmithUITests.xctest; sourceTree = BUILT_PRODUCTS_DIR; };
/* End PBXFileReference section */

/* Begin PBXFileSystemSynchronizedBuildFileExceptionSet section */
		700FFC3B3032350B00776F9A /* Exceptions for "LinksmithAction" folder in "LinksmithAction" target */ = {
			isa = PBXFileSystemSynchronizedBuildFileExceptionSet;
			membershipExceptions = (
				Info.plist,
			);
			target = 700FFC283032350A00776F9A /* LinksmithAction */;
		};
/* End PBXFileSystemSynchronizedBuildFileExceptionSet section */

/* Begin PBXFileSystemSynchronizedRootGroup section */
		700FFC2D3032350B00776F9A /* LinksmithAction */ = {
			isa = PBXFileSystemSynchronizedRootGroup;
			exceptions = (
				700FFC3B3032350B00776F9A /* Exceptions for "LinksmithAction" folder in "LinksmithAction" target */,
			);
			path = LinksmithAction;
			sourceTree = "<group>";
		};
		7016C02D30321DF400196549 /* Linksmith */ = {
			isa = PBXFileSystemSynchronizedRootGroup;
			path = Linksmith;
			sourceTree = "<group>";
		};
		7016C03B30321DF500196549 /* LinksmithTests */ = {
			isa = PBXFileSystemSynchronizedRootGroup;
			path = LinksmithTests;
			sourceTree = "<group>";
		};
		7016C04530321DF500196549 /* LinksmithUITests */ = {
			isa = PBXFileSystemSynchronizedRootGroup;
			path = LinksmithUITests;
			sourceTree = "<group>";
		};
/* End PBXFileSystemSynchronizedRootGroup section */

/* Begin PBXFrameworksBuildPhase section */
		700FFC263032350A00776F9A /* Frameworks */ = {
			isa = PBXFrameworksBuildPhase;
			buildActionMask = 2147483647;
			files = (
				A10000000000000000000002 /* LinksmithCore in Frameworks */,
				700FFC2C3032350B00776F9A /* Cocoa.framework in Frameworks */,
			);
			runOnlyForDeploymentPostprocessing = 0;
		};
		7016C02830321DF400196549 /* Frameworks */ = {
			isa = PBXFrameworksBuildPhase;
			buildActionMask = 2147483647;
			files = (
				A10000000000000000000001 /* LinksmithCore in Frameworks */,
			);
			runOnlyForDeploymentPostprocessing = 0;
		};
		7016C03530321DF500196549 /* Frameworks */ = {
			isa = PBXFrameworksBuildPhase;
			buildActionMask = 2147483647;
			files = (
				A10000000000000000000003 /* LinksmithCore in Frameworks */,
			);
			runOnlyForDeploymentPostprocessing = 0;
		};
		7016C03F30321DF500196549 /* Frameworks */ = {
			isa = PBXFrameworksBuildPhase;
			buildActionMask = 2147483647;
			files = (
			);
			runOnlyForDeploymentPostprocessing = 0;
		};
/* End PBXFrameworksBuildPhase section */

/* Begin PBXGroup section */
		700FFC2A3032350A00776F9A /* Frameworks */ = {
			isa = PBXGroup;
			children = (
				700FFC2B3032350A00776F9A /* Cocoa.framework */,
			);
			name = Frameworks;
			sourceTree = "<group>";
		};
		7016C02230321DF400196549 = {
			isa = PBXGroup;
			children = (
				7016C02D30321DF400196549 /* Linksmith */,
				7016C03B30321DF500196549 /* LinksmithTests */,
				7016C04530321DF500196549 /* LinksmithUITests */,
				700FFC2D3032350B00776F9A /* LinksmithAction */,
				700FFC2A3032350A00776F9A /* Frameworks */,
				7016C02C30321DF400196549 /* Products */,
			);
			sourceTree = "<group>";
		};
		7016C02C30321DF400196549 /* Products */ = {
			isa = PBXGroup;
			children = (
				7016C02B30321DF400196549 /* Linksmith.app */,
				7016C03830321DF500196549 /* LinksmithTests.xctest */,
				7016C04230321DF500196549 /* LinksmithUITests.xctest */,
				700FFC293032350A00776F9A /* LinksmithAction.appex */,
			);
			name = Products;
			sourceTree = "<group>";
		};
/* End PBXGroup section */

/* Begin PBXNativeTarget section */
		700FFC283032350A00776F9A /* LinksmithAction */ = {
			isa = PBXNativeTarget;
			buildConfigurationList = 700FFC3C3032350B00776F9A /* Build configuration list for PBXNativeTarget "LinksmithAction" */;
			buildPhases = (
				700FFC253032350A00776F9A /* Sources */,
				700FFC263032350A00776F9A /* Frameworks */,
				700FFC273032350A00776F9A /* Resources */,
			);
			buildRules = (
			);
			dependencies = (
			);
			fileSystemSynchronizedGroups = (
				700FFC2D3032350B00776F9A /* LinksmithAction */,
			);
			name = LinksmithAction;
			packageProductDependencies = (
				A10000000000000000000012 /* LinksmithCore */,
			);
			productName = LinksmithAction;
			productReference = 700FFC293032350A00776F9A /* LinksmithAction.appex */;
			productType = "com.apple.product-type.app-extension";
		};
		7016C02A30321DF400196549 /* Linksmith */ = {
			isa = PBXNativeTarget;
			buildConfigurationList = 7016C04C30321DF500196549 /* Build configuration list for PBXNativeTarget "Linksmith" */;
			buildPhases = (
				7016C02730321DF400196549 /* Sources */,
				7016C02830321DF400196549 /* Frameworks */,
				7016C02930321DF400196549 /* Resources */,
				700FFC383032350B00776F9A /* Embed Foundation Extensions */,
			);
			buildRules = (
			);
			dependencies = (
				700FFC363032350B00776F9A /* PBXTargetDependency */,
			);
			fileSystemSynchronizedGroups = (
				7016C02D30321DF400196549 /* Linksmith */,
			);
			name = Linksmith;
			packageProductDependencies = (
				A10000000000000000000011 /* LinksmithCore */,
			);
			productName = Linksmith;
			productReference = 7016C02B30321DF400196549 /* Linksmith.app */;
			productType = "com.apple.product-type.application";
		};
		7016C03730321DF500196549 /* LinksmithTests */ = {
			isa = PBXNativeTarget;
			buildConfigurationList = 7016C04F30321DF500196549 /* Build configuration list for PBXNativeTarget "LinksmithTests" */;
			buildPhases = (
				7016C03430321DF500196549 /* Sources */,
				7016C03530321DF500196549 /* Frameworks */,
				7016C03630321DF500196549 /* Resources */,
			);
			buildRules = (
			);
			dependencies = (
				7016C03A30321DF500196549 /* PBXTargetDependency */,
			);
			fileSystemSynchronizedGroups = (
				7016C03B30321DF500196549 /* LinksmithTests */,
			);
			name = LinksmithTests;
			packageProductDependencies = (
				A10000000000000000000013 /* LinksmithCore */,
			);
			productName = LinksmithTests;
			productReference = 7016C03830321DF500196549 /* LinksmithTests.xctest */;
			productType = "com.apple.product-type.bundle.unit-test";
		};
		7016C04130321DF500196549 /* LinksmithUITests */ = {
			isa = PBXNativeTarget;
			buildConfigurationList = 7016C05230321DF500196549 /* Build configuration list for PBXNativeTarget "LinksmithUITests" */;
			buildPhases = (
				7016C03E30321DF500196549 /* Sources */,
				7016C03F30321DF500196549 /* Frameworks */,
				7016C04030321DF500196549 /* Resources */,
			);
			buildRules = (
			);
			dependencies = (
				7016C04430321DF500196549 /* PBXTargetDependency */,
			);
			fileSystemSynchronizedGroups = (
				7016C04530321DF500196549 /* LinksmithUITests */,
			);
			name = LinksmithUITests;
			packageProductDependencies = (
			);
			productName = LinksmithUITests;
			productReference = 7016C04230321DF500196549 /* LinksmithUITests.xctest */;
			productType = "com.apple.product-type.bundle.ui-testing";
		};
/* End PBXNativeTarget section */

/* Begin PBXProject section */
		7016C02330321DF400196549 /* Project object */ = {
			isa = PBXProject;
			attributes = {
				BuildIndependentTargetsInParallel = 1;
				LastSwiftUpdateCheck = 2660;
				LastUpgradeCheck = 2660;
				TargetAttributes = {
					700FFC283032350A00776F9A = {
						CreatedOnToolsVersion = 26.6;
					};
					7016C02A30321DF400196549 = {
						CreatedOnToolsVersion = 26.6;
					};
					7016C03730321DF500196549 = {
						CreatedOnToolsVersion = 26.6;
						TestTargetID = 7016C02A30321DF400196549;
					};
					7016C04130321DF500196549 = {
						CreatedOnToolsVersion = 26.6;
						TestTargetID = 7016C02A30321DF400196549;
					};
				};
			};
			buildConfigurationList = 7016C02630321DF400196549 /* Build configuration list for PBXProject "Linksmith" */;
			developmentRegion = en;
			hasScannedForEncodings = 0;
			knownRegions = (
				en,
				Base,
			);
			mainGroup = 7016C02230321DF400196549;
			minimizedProjectReferenceProxies = 1;
			packageReferences = (
				A10000000000000000000010 /* XCLocalSwiftPackageReference "LinksmithCore" */,
			);
			preferredProjectObjectVersion = 77;
			productRefGroup = 7016C02C30321DF400196549 /* Products */;
			projectDirPath = "";
			projectRoot = "";
			targets = (
				7016C02A30321DF400196549 /* Linksmith */,
				7016C03730321DF500196549 /* LinksmithTests */,
				7016C04130321DF500196549 /* LinksmithUITests */,
				700FFC283032350A00776F9A /* LinksmithAction */,
			);
		};
/* End PBXProject section */

/* Begin PBXResourcesBuildPhase section */
		700FFC273032350A00776F9A /* Resources */ = {
			isa = PBXResourcesBuildPhase;
			buildActionMask = 2147483647;
			files = (
			);
			runOnlyForDeploymentPostprocessing = 0;
		};
		7016C02930321DF400196549 /* Resources */ = {
			isa = PBXResourcesBuildPhase;
			buildActionMask = 2147483647;
			files = (
			);
			runOnlyForDeploymentPostprocessing = 0;
		};
		7016C03630321DF500196549 /* Resources */ = {
			isa = PBXResourcesBuildPhase;
			buildActionMask = 2147483647;
			files = (
			);
			runOnlyForDeploymentPostprocessing = 0;
		};
		7016C04030321DF500196549 /* Resources */ = {
			isa = PBXResourcesBuildPhase;
			buildActionMask = 2147483647;
			files = (
			);
			runOnlyForDeploymentPostprocessing = 0;
		};
/* End PBXResourcesBuildPhase section */

/* Begin PBXSourcesBuildPhase section */
		700FFC253032350A00776F9A /* Sources */ = {
			isa = PBXSourcesBuildPhase;
			buildActionMask = 2147483647;
			files = (
			);
			runOnlyForDeploymentPostprocessing = 0;
		};
		7016C02730321DF400196549 /* Sources */ = {
			isa = PBXSourcesBuildPhase;
			buildActionMask = 2147483647;
			files = (
			);
			runOnlyForDeploymentPostprocessing = 0;
		};
		7016C03430321DF500196549 /* Sources */ = {
			isa = PBXSourcesBuildPhase;
			buildActionMask = 2147483647;
			files = (
			);
			runOnlyForDeploymentPostprocessing = 0;
		};
		7016C03E30321DF500196549 /* Sources */ = {
			isa = PBXSourcesBuildPhase;
			buildActionMask = 2147483647;
			files = (
			);
			runOnlyForDeploymentPostprocessing = 0;
		};
/* End PBXSourcesBuildPhase section */

/* Begin PBXTargetDependency section */
		700FFC363032350B00776F9A /* PBXTargetDependency */ = {
			isa = PBXTargetDependency;
			target = 700FFC283032350A00776F9A /* LinksmithAction */;
			targetProxy = 700FFC353032350B00776F9A /* PBXContainerItemProxy */;
		};
		7016C03A30321DF500196549 /* PBXTargetDependency */ = {
			isa = PBXTargetDependency;
			target = 7016C02A30321DF400196549 /* Linksmith */;
			targetProxy = 7016C03930321DF500196549 /* PBXContainerItemProxy */;
		};
		7016C04430321DF500196549 /* PBXTargetDependency */ = {
			isa = PBXTargetDependency;
			target = 7016C02A30321DF400196549 /* Linksmith */;
			targetProxy = 7016C04330321DF500196549 /* PBXContainerItemProxy */;
		};
/* End PBXTargetDependency section */

/* Begin XCBuildConfiguration section */
		700FFC393032350B00776F9A /* Debug */ = {
			isa = XCBuildConfiguration;
			buildSettings = {
				CODE_SIGN_ENTITLEMENTS = LinksmithAction/LinksmithAction.entitlements;
				CODE_SIGN_STYLE = Automatic;
				COMBINE_HIDPI_IMAGES = YES;
				CURRENT_PROJECT_VERSION = 1;
				DEVELOPMENT_TEAM = 2BYCS6LAMV;
				ENABLE_APP_SANDBOX = YES;
				ENABLE_HARDENED_RUNTIME = YES;
				ENABLE_USER_SELECTED_FILES = readwrite;
				GENERATE_INFOPLIST_FILE = YES;
				INFOPLIST_FILE = LinksmithAction/Info.plist;
				INFOPLIST_KEY_CFBundleDisplayName = "Create Symlink…";
				INFOPLIST_KEY_NSHumanReadableCopyright = "";
				LD_RUNPATH_SEARCH_PATHS = (
					"$(inherited)",
					"@executable_path/../Frameworks",
					"@executable_path/../../../../Frameworks",
				);
				MARKETING_VERSION = 1.0;
				PRODUCT_BUNDLE_IDENTIFIER = com.praitk.Linksmith.LinksmithAction;
				PRODUCT_NAME = "$(TARGET_NAME)";
				SKIP_INSTALL = YES;
				STRING_CATALOG_GENERATE_SYMBOLS = YES;
				SWIFT_APPROACHABLE_CONCURRENCY = YES;
				SWIFT_EMIT_LOC_STRINGS = YES;
				SWIFT_UPCOMING_FEATURE_MEMBER_IMPORT_VISIBILITY = YES;
				SWIFT_VERSION = 5.0;
			};
			name = Debug;
		};
		700FFC3A3032350B00776F9A /* Release */ = {
			isa = XCBuildConfiguration;
			buildSettings = {
				CODE_SIGN_ENTITLEMENTS = LinksmithAction/LinksmithAction.entitlements;
				CODE_SIGN_STYLE = Automatic;
				COMBINE_HIDPI_IMAGES = YES;
				CURRENT_PROJECT_VERSION = 1;
				DEVELOPMENT_TEAM = 2BYCS6LAMV;
				ENABLE_APP_SANDBOX = YES;
				ENABLE_HARDENED_RUNTIME = YES;
				ENABLE_USER_SELECTED_FILES = readwrite;
				GENERATE_INFOPLIST_FILE = YES;
				INFOPLIST_FILE = LinksmithAction/Info.plist;
				INFOPLIST_KEY_CFBundleDisplayName = "Create Symlink…";
				INFOPLIST_KEY_NSHumanReadableCopyright = "";
				LD_RUNPATH_SEARCH_PATHS = (
					"$(inherited)",
					"@executable_path/../Frameworks",
					"@executable_path/../../../../Frameworks",
				);
				MARKETING_VERSION = 1.0;
				PRODUCT_BUNDLE_IDENTIFIER = com.praitk.Linksmith.LinksmithAction;
				PRODUCT_NAME = "$(TARGET_NAME)";
				SKIP_INSTALL = YES;
				STRING_CATALOG_GENERATE_SYMBOLS = YES;
				SWIFT_APPROACHABLE_CONCURRENCY = YES;
				SWIFT_EMIT_LOC_STRINGS = YES;
				SWIFT_UPCOMING_FEATURE_MEMBER_IMPORT_VISIBILITY = YES;
				SWIFT_VERSION = 5.0;
			};
			name = Release;
		};
		7016C04A30321DF500196549 /* Debug */ = {
			isa = XCBuildConfiguration;
			buildSettings = {
				ALWAYS_SEARCH_USER_PATHS = NO;
				ASSETCATALOG_COMPILER_GENERATE_SWIFT_ASSET_SYMBOL_EXTENSIONS = YES;
				CLANG_ANALYZER_NONNULL = YES;
				CLANG_ANALYZER_NUMBER_OBJECT_CONVERSION = YES_AGGRESSIVE;
				CLANG_CXX_LANGUAGE_STANDARD = "gnu++20";
				CLANG_ENABLE_MODULES = YES;
				CLANG_ENABLE_OBJC_ARC = YES;
				CLANG_ENABLE_OBJC_WEAK = YES;
				CLANG_WARN_BLOCK_CAPTURE_AUTORELEASING = YES;
				CLANG_WARN_BOOL_CONVERSION = YES;
				CLANG_WARN_COMMA = YES;
				CLANG_WARN_CONSTANT_CONVERSION = YES;
				CLANG_WARN_DEPRECATED_OBJC_IMPLEMENTATIONS = YES;
				CLANG_WARN_DIRECT_OBJC_ISA_USAGE = YES_ERROR;
				CLANG_WARN_DOCUMENTATION_COMMENTS = YES;
				CLANG_WARN_EMPTY_BODY = YES;
				CLANG_WARN_ENUM_CONVERSION = YES;
				CLANG_WARN_INFINITE_RECURSION = YES;
				CLANG_WARN_INT_CONVERSION = YES;
				CLANG_WARN_NON_LITERAL_NULL_CONVERSION = YES;
				CLANG_WARN_OBJC_IMPLICIT_RETAIN_SELF = YES;
				CLANG_WARN_OBJC_LITERAL_CONVERSION = YES;
				CLANG_WARN_OBJC_ROOT_CLASS = YES_ERROR;
				CLANG_WARN_QUOTED_INCLUDE_IN_FRAMEWORK_HEADER = YES;
				CLANG_WARN_RANGE_LOOP_ANALYSIS = YES;
				CLANG_WARN_STRICT_PROTOTYPES = YES;
				CLANG_WARN_SUSPICIOUS_MOVE = YES;
				CLANG_WARN_UNGUARDED_AVAILABILITY = YES_AGGRESSIVE;
				CLANG_WARN_UNREACHABLE_CODE = YES;
				CLANG_WARN__DUPLICATE_METHOD_MATCH = YES;
				COPY_PHASE_STRIP = NO;
				DEBUG_INFORMATION_FORMAT = dwarf;
				DEVELOPMENT_TEAM = 2BYCS6LAMV;
				ENABLE_STRICT_OBJC_MSGSEND = YES;
				ENABLE_TESTABILITY = YES;
				ENABLE_USER_SCRIPT_SANDBOXING = YES;
				GCC_C_LANGUAGE_STANDARD = gnu17;
				GCC_DYNAMIC_NO_PIC = NO;
				GCC_NO_COMMON_BLOCKS = YES;
				GCC_OPTIMIZATION_LEVEL = 0;
				GCC_PREPROCESSOR_DEFINITIONS = (
					"DEBUG=1",
					"$(inherited)",
				);
				GCC_WARN_64_TO_32_BIT_CONVERSION = YES;
				GCC_WARN_ABOUT_RETURN_TYPE = YES_ERROR;
				GCC_WARN_UNDECLARED_SELECTOR = YES;
				GCC_WARN_UNINITIALIZED_AUTOS = YES_AGGRESSIVE;
				GCC_WARN_UNUSED_FUNCTION = YES;
				GCC_WARN_UNUSED_VARIABLE = YES;
				LOCALIZATION_PREFERS_STRING_CATALOGS = YES;
				MACOSX_DEPLOYMENT_TARGET = 26.5;
				MTL_ENABLE_DEBUG_INFO = INCLUDE_SOURCE;
				MTL_FAST_MATH = YES;
				ONLY_ACTIVE_ARCH = YES;
				SDKROOT = macosx;
				SWIFT_ACTIVE_COMPILATION_CONDITIONS = "DEBUG $(inherited)";
				SWIFT_OPTIMIZATION_LEVEL = "-Onone";
			};
			name = Debug;
		};
		7016C04B30321DF500196549 /* Release */ = {
			isa = XCBuildConfiguration;
			buildSettings = {
				ALWAYS_SEARCH_USER_PATHS = NO;
				ASSETCATALOG_COMPILER_GENERATE_SWIFT_ASSET_SYMBOL_EXTENSIONS = YES;
				CLANG_ANALYZER_NONNULL = YES;
				CLANG_ANALYZER_NUMBER_OBJECT_CONVERSION = YES_AGGRESSIVE;
				CLANG_CXX_LANGUAGE_STANDARD = "gnu++20";
				CLANG_ENABLE_MODULES = YES;
				CLANG_ENABLE_OBJC_ARC = YES;
				CLANG_ENABLE_OBJC_WEAK = YES;
				CLANG_WARN_BLOCK_CAPTURE_AUTORELEASING = YES;
				CLANG_WARN_BOOL_CONVERSION = YES;
				CLANG_WARN_COMMA = YES;
				CLANG_WARN_CONSTANT_CONVERSION = YES;
				CLANG_WARN_DEPRECATED_OBJC_IMPLEMENTATIONS = YES;
				CLANG_WARN_DIRECT_OBJC_ISA_USAGE = YES_ERROR;
				CLANG_WARN_DOCUMENTATION_COMMENTS = YES;
				CLANG_WARN_EMPTY_BODY = YES;
				CLANG_WARN_ENUM_CONVERSION = YES;
				CLANG_WARN_INFINITE_RECURSION = YES;
				CLANG_WARN_INT_CONVERSION = YES;
				CLANG_WARN_NON_LITERAL_NULL_CONVERSION = YES;
				CLANG_WARN_OBJC_IMPLICIT_RETAIN_SELF = YES;
				CLANG_WARN_OBJC_LITERAL_CONVERSION = YES;
				CLANG_WARN_OBJC_ROOT_CLASS = YES_ERROR;
				CLANG_WARN_QUOTED_INCLUDE_IN_FRAMEWORK_HEADER = YES;
				CLANG_WARN_RANGE_LOOP_ANALYSIS = YES;
				CLANG_WARN_STRICT_PROTOTYPES = YES;
				CLANG_WARN_SUSPICIOUS_MOVE = YES;
				CLANG_WARN_UNGUARDED_AVAILABILITY = YES_AGGRESSIVE;
				CLANG_WARN_UNREACHABLE_CODE = YES;
				CLANG_WARN__DUPLICATE_METHOD_MATCH = YES;
				COPY_PHASE_STRIP = NO;
				DEBUG_INFORMATION_FORMAT = "dwarf-with-dsym";
				DEVELOPMENT_TEAM = 2BYCS6LAMV;
				ENABLE_NS_ASSERTIONS = NO;
				ENABLE_STRICT_OBJC_MSGSEND = YES;
				ENABLE_USER_SCRIPT_SANDBOXING = YES;
				GCC_C_LANGUAGE_STANDARD = gnu17;
				GCC_NO_COMMON_BLOCKS = YES;
				GCC_WARN_64_TO_32_BIT_CONVERSION = YES;
				GCC_WARN_ABOUT_RETURN_TYPE = YES_ERROR;
				GCC_WARN_UNDECLARED_SELECTOR = YES;
				GCC_WARN_UNINITIALIZED_AUTOS = YES_AGGRESSIVE;
				GCC_WARN_UNUSED_FUNCTION = YES;
				GCC_WARN_UNUSED_VARIABLE = YES;
				LOCALIZATION_PREFERS_STRING_CATALOGS = YES;
				MACOSX_DEPLOYMENT_TARGET = 26.5;
				MTL_ENABLE_DEBUG_INFO = NO;
				MTL_FAST_MATH = YES;
				SDKROOT = macosx;
				SWIFT_COMPILATION_MODE = wholemodule;
			};
			name = Release;
		};
		7016C04D30321DF500196549 /* Debug */ = {
			isa = XCBuildConfiguration;
			buildSettings = {
				ASSETCATALOG_COMPILER_APPICON_NAME = AppIcon;
				ASSETCATALOG_COMPILER_GLOBAL_ACCENT_COLOR_NAME = AccentColor;
				CODE_SIGN_ENTITLEMENTS = Linksmith/Linksmith.entitlements;
				CODE_SIGN_STYLE = Automatic;
				COMBINE_HIDPI_IMAGES = YES;
				CURRENT_PROJECT_VERSION = 1;
				DEVELOPMENT_TEAM = 2BYCS6LAMV;
				ENABLE_APP_SANDBOX = YES;
				ENABLE_HARDENED_RUNTIME = YES;
				ENABLE_PREVIEWS = YES;
				ENABLE_USER_SELECTED_FILES = readonly;
				GENERATE_INFOPLIST_FILE = YES;
				INFOPLIST_KEY_NSHumanReadableCopyright = "";
				LD_RUNPATH_SEARCH_PATHS = (
					"$(inherited)",
					"@executable_path/../Frameworks",
				);
				MARKETING_VERSION = 1.0;
				PRODUCT_BUNDLE_IDENTIFIER = com.praitk.Linksmith;
				PRODUCT_NAME = "$(TARGET_NAME)";
				REGISTER_APP_GROUPS = YES;
				STRING_CATALOG_GENERATE_SYMBOLS = YES;
				SWIFT_APPROACHABLE_CONCURRENCY = YES;
				SWIFT_DEFAULT_ACTOR_ISOLATION = MainActor;
				SWIFT_EMIT_LOC_STRINGS = YES;
				SWIFT_UPCOMING_FEATURE_MEMBER_IMPORT_VISIBILITY = YES;
				SWIFT_VERSION = 5.0;
			};
			name = Debug;
		};
		7016C04E30321DF500196549 /* Release */ = {
			isa = XCBuildConfiguration;
			buildSettings = {
				ASSETCATALOG_COMPILER_APPICON_NAME = AppIcon;
				ASSETCATALOG_COMPILER_GLOBAL_ACCENT_COLOR_NAME = AccentColor;
				CODE_SIGN_ENTITLEMENTS = Linksmith/Linksmith.entitlements;
				CODE_SIGN_STYLE = Automatic;
				COMBINE_HIDPI_IMAGES = YES;
				CURRENT_PROJECT_VERSION = 1;
				DEVELOPMENT_TEAM = 2BYCS6LAMV;
				ENABLE_APP_SANDBOX = YES;
				ENABLE_HARDENED_RUNTIME = YES;
				ENABLE_PREVIEWS = YES;
				ENABLE_USER_SELECTED_FILES = readonly;
				GENERATE_INFOPLIST_FILE = YES;
				INFOPLIST_KEY_NSHumanReadableCopyright = "";
				LD_RUNPATH_SEARCH_PATHS = (
					"$(inherited)",
					"@executable_path/../Frameworks",
				);
				MARKETING_VERSION = 1.0;
				PRODUCT_BUNDLE_IDENTIFIER = com.praitk.Linksmith;
				PRODUCT_NAME = "$(TARGET_NAME)";
				REGISTER_APP_GROUPS = YES;
				STRING_CATALOG_GENERATE_SYMBOLS = YES;
				SWIFT_APPROACHABLE_CONCURRENCY = YES;
				SWIFT_DEFAULT_ACTOR_ISOLATION = MainActor;
				SWIFT_EMIT_LOC_STRINGS = YES;
				SWIFT_UPCOMING_FEATURE_MEMBER_IMPORT_VISIBILITY = YES;
				SWIFT_VERSION = 5.0;
			};
			name = Release;
		};
		7016C05030321DF500196549 /* Debug */ = {
			isa = XCBuildConfiguration;
			buildSettings = {
				BUNDLE_LOADER = "$(TEST_HOST)";
				CODE_SIGN_STYLE = Automatic;
				CURRENT_PROJECT_VERSION = 1;
				DEVELOPMENT_TEAM = 2BYCS6LAMV;
				GENERATE_INFOPLIST_FILE = YES;
				MACOSX_DEPLOYMENT_TARGET = 26.5;
				MARKETING_VERSION = 1.0;
				PRODUCT_BUNDLE_IDENTIFIER = com.praitk.LinksmithTests;
				PRODUCT_NAME = "$(TARGET_NAME)";
				STRING_CATALOG_GENERATE_SYMBOLS = NO;
				SWIFT_APPROACHABLE_CONCURRENCY = YES;
				SWIFT_EMIT_LOC_STRINGS = NO;
				SWIFT_UPCOMING_FEATURE_MEMBER_IMPORT_VISIBILITY = YES;
				SWIFT_VERSION = 5.0;
				TEST_HOST = "$(BUILT_PRODUCTS_DIR)/Linksmith.app/$(BUNDLE_EXECUTABLE_FOLDER_PATH)/Linksmith";
			};
			name = Debug;
		};
		7016C05130321DF500196549 /* Release */ = {
			isa = XCBuildConfiguration;
			buildSettings = {
				BUNDLE_LOADER = "$(TEST_HOST)";
				CODE_SIGN_STYLE = Automatic;
				CURRENT_PROJECT_VERSION = 1;
				DEVELOPMENT_TEAM = 2BYCS6LAMV;
				GENERATE_INFOPLIST_FILE = YES;
				MACOSX_DEPLOYMENT_TARGET = 26.5;
				MARKETING_VERSION = 1.0;
				PRODUCT_BUNDLE_IDENTIFIER = com.praitk.LinksmithTests;
				PRODUCT_NAME = "$(TARGET_NAME)";
				STRING_CATALOG_GENERATE_SYMBOLS = NO;
				SWIFT_APPROACHABLE_CONCURRENCY = YES;
				SWIFT_EMIT_LOC_STRINGS = NO;
				SWIFT_UPCOMING_FEATURE_MEMBER_IMPORT_VISIBILITY = YES;
				SWIFT_VERSION = 5.0;
				TEST_HOST = "$(BUILT_PRODUCTS_DIR)/Linksmith.app/$(BUNDLE_EXECUTABLE_FOLDER_PATH)/Linksmith";
			};
			name = Release;
		};
		7016C05330321DF500196549 /* Debug */ = {
			isa = XCBuildConfiguration;
			buildSettings = {
				CODE_SIGN_STYLE = Automatic;
				CURRENT_PROJECT_VERSION = 1;
				DEVELOPMENT_TEAM = 2BYCS6LAMV;
				GENERATE_INFOPLIST_FILE = YES;
				MARKETING_VERSION = 1.0;
				PRODUCT_BUNDLE_IDENTIFIER = com.praitk.LinksmithUITests;
				PRODUCT_NAME = "$(TARGET_NAME)";
				STRING_CATALOG_GENERATE_SYMBOLS = NO;
				SWIFT_APPROACHABLE_CONCURRENCY = YES;
				SWIFT_EMIT_LOC_STRINGS = NO;
				SWIFT_UPCOMING_FEATURE_MEMBER_IMPORT_VISIBILITY = YES;
				SWIFT_VERSION = 5.0;
				TEST_TARGET_NAME = Linksmith;
			};
			name = Debug;
		};
		7016C05430321DF500196549 /* Release */ = {
			isa = XCBuildConfiguration;
			buildSettings = {
				CODE_SIGN_STYLE = Automatic;
				CURRENT_PROJECT_VERSION = 1;
				DEVELOPMENT_TEAM = 2BYCS6LAMV;
				GENERATE_INFOPLIST_FILE = YES;
				MARKETING_VERSION = 1.0;
				PRODUCT_BUNDLE_IDENTIFIER = com.praitk.LinksmithUITests;
				PRODUCT_NAME = "$(TARGET_NAME)";
				STRING_CATALOG_GENERATE_SYMBOLS = NO;
				SWIFT_APPROACHABLE_CONCURRENCY = YES;
				SWIFT_EMIT_LOC_STRINGS = NO;
				SWIFT_UPCOMING_FEATURE_MEMBER_IMPORT_VISIBILITY = YES;
				SWIFT_VERSION = 5.0;
				TEST_TARGET_NAME = Linksmith;
			};
			name = Release;
		};
/* End XCBuildConfiguration section */

/* Begin XCConfigurationList section */
		700FFC3C3032350B00776F9A /* Build configuration list for PBXNativeTarget "LinksmithAction" */ = {
			isa = XCConfigurationList;
			buildConfigurations = (
				700FFC393032350B00776F9A /* Debug */,
				700FFC3A3032350B00776F9A /* Release */,
			);
			defaultConfigurationIsVisible = 0;
			defaultConfigurationName = Release;
		};
		7016C02630321DF400196549 /* Build configuration list for PBXProject "Linksmith" */ = {
			isa = XCConfigurationList;
			buildConfigurations = (
				7016C04A30321DF500196549 /* Debug */,
				7016C04B30321DF500196549 /* Release */,
			);
			defaultConfigurationIsVisible = 0;
			defaultConfigurationName = Release;
		};
		7016C04C30321DF500196549 /* Build configuration list for PBXNativeTarget "Linksmith" */ = {
			isa = XCConfigurationList;
			buildConfigurations = (
				7016C04D30321DF500196549 /* Debug */,
				7016C04E30321DF500196549 /* Release */,
			);
			defaultConfigurationIsVisible = 0;
			defaultConfigurationName = Release;
		};
		7016C04F30321DF500196549 /* Build configuration list for PBXNativeTarget "LinksmithTests" */ = {
			isa = XCConfigurationList;
			buildConfigurations = (
				7016C05030321DF500196549 /* Debug */,
				7016C05130321DF500196549 /* Release */,
			);
			defaultConfigurationIsVisible = 0;
			defaultConfigurationName = Release;
		};
		7016C05230321DF500196549 /* Build configuration list for PBXNativeTarget "LinksmithUITests" */ = {
			isa = XCConfigurationList;
			buildConfigurations = (
				7016C05330321DF500196549 /* Debug */,
				7016C05430321DF500196549 /* Release */,
			);
			defaultConfigurationIsVisible = 0;
			defaultConfigurationName = Release;
		};
/* End XCConfigurationList section */

/* Begin XCLocalSwiftPackageReference section */
		A10000000000000000000010 /* XCLocalSwiftPackageReference "LinksmithCore" */ = {
			isa = XCLocalSwiftPackageReference;
			relativePath = LinksmithCore;
		};
/* End XCLocalSwiftPackageReference section */

/* Begin XCSwiftPackageProductDependency section */
		A10000000000000000000011 /* LinksmithCore */ = {
			isa = XCSwiftPackageProductDependency;
			package = A10000000000000000000010 /* XCLocalSwiftPackageReference "LinksmithCore" */;
			productName = LinksmithCore;
		};
		A10000000000000000000012 /* LinksmithCore */ = {
			isa = XCSwiftPackageProductDependency;
			package = A10000000000000000000010 /* XCLocalSwiftPackageReference "LinksmithCore" */;
			productName = LinksmithCore;
		};
		A10000000000000000000013 /* LinksmithCore */ = {
			isa = XCSwiftPackageProductDependency;
			package = A10000000000000000000010 /* XCLocalSwiftPackageReference "LinksmithCore" */;
			productName = LinksmithCore;
		};
/* End XCSwiftPackageProductDependency section */
	};
	rootObject = 7016C02330321DF400196549 /* Project object */;
}
